# generated by rye
# use `rye lock` or `rye sync` to update this lockfile
#
# last locked with the following flags:
#   pre: false
#   features: []
#   all-features: false
#   with-sources: false

-e file:.
alembic==1.13.1
    # via jupyterhub
anyio==4.3.0
    # via httpx
    # via jupyter-server
appnope==0.1.4
    # via ipykernel
argon2-cffi==23.1.0
    # via jupyter-server
argon2-cffi-bindings==21.2.0
    # via argon2-cffi
arrow==1.3.0
    # via isoduration
asttokens==2.4.1
    # via stack-data
async-generator==1.10
    # via jupyterhub
async-lru==2.0.4
    # via jupyterlab
attrs==23.2.0
    # via jsonschema
    # via referencing
babel==2.14.0
    # via jupyterlab-server
beautifulsoup4==4.12.3
    # via ibm-data-science-capstone
    # via nbconvert
bleach==6.1.0
    # via nbconvert
blinker==1.7.0
    # via flask
branca==0.7.1
    # via folium
certifi==2024.2.2
    # via httpcore
    # via httpx
    # via requests
certipy==0.1.3
    # via jupyterhub
cffi==1.16.0
    # via argon2-cffi-bindings
    # via cryptography
charset-normalizer==3.3.2
    # via requests
click==8.1.7
    # via flask
comm==0.2.2
    # via ipykernel
    # via ipywidgets
contourpy==1.2.1
    # via matplotlib
cryptography==42.0.5
    # via pyopenssl
cycler==0.12.1
    # via matplotlib
dash==2.16.1
    # via ibm-data-science-capstone
dash-core-components==2.0.0
    # via dash
dash-html-components==2.0.0
    # via dash
dash-table==5.0.0
    # via dash
debugpy==1.8.1
    # via ipykernel
decorator==5.1.1
    # via ipython
defusedxml==0.7.1
    # via nbconvert
executing==2.0.1
    # via stack-data
fastjsonschema==2.19.1
    # via nbformat
flask==3.0.3
    # via dash
folium==0.16.0
    # via ibm-data-science-capstone
fonttools==4.51.0
    # via matplotlib
fqdn==1.5.1
    # via jsonschema
greenlet==3.0.3
    # via sqlalchemy
h11==0.14.0
    # via httpcore
httpcore==1.0.5
    # via httpx
httpx==0.27.0
    # via jupyterlab
idna==3.7
    # via anyio
    # via httpx
    # via jsonschema
    # via requests
importlib-metadata==7.1.0
    # via dash
ipykernel==6.29.4
    # via jupyter
    # via jupyter-console
    # via jupyterlab
    # via qtconsole
ipython==8.23.0
    # via ipykernel
    # via ipython-sql
    # via ipywidgets
    # via jupyter-console
ipython-genutils==0.2.0
    # via ipython-sql
ipython-pip==0.3
    # via ibm-data-science-capstone
ipython-sql==0.5.0
    # via ibm-data-science-capstone
ipywidgets==8.1.2
    # via jupyter
isoduration==20.11.0
    # via jsonschema
itsdangerous==2.2.0
    # via flask
jedi==0.19.1
    # via ipython
jinja2==3.1.3
    # via branca
    # via flask
    # via folium
    # via jupyter-server
    # via jupyterhub
    # via jupyterlab
    # via jupyterlab-server
    # via nbconvert
joblib==1.4.0
    # via scikit-learn
json5==0.9.25
    # via jupyterlab-server
jsonpointer==2.4
    # via jsonschema
jsonschema==4.21.1
    # via jupyter-events
    # via jupyter-telemetry
    # via jupyterlab-server
    # via nbformat
jsonschema-specifications==2023.12.1
    # via jsonschema
jupyter==1.0.0
    # via ibm-data-science-capstone
jupyter-client==8.6.1
    # via ipykernel
    # via jupyter-console
    # via jupyter-server
    # via nbclient
    # via qtconsole
jupyter-console==6.6.3
    # via jupyter
jupyter-core==5.7.2
    # via ipykernel
    # via jupyter-client
    # via jupyter-console
    # via jupyter-server
    # via jupyterlab
    # via nbclient
    # via nbconvert
    # via nbformat
    # via qtconsole
jupyter-events==0.10.0
    # via jupyter-server
jupyter-lsp==2.2.5
    # via jupyterlab
jupyter-server==2.14.0
    # via jupyter-lsp
    # via jupyterlab
    # via jupyterlab-server
    # via notebook
    # via notebook-shim
jupyter-server-terminals==0.5.3
    # via jupyter-server
jupyter-telemetry==0.1.0
    # via jupyterhub
jupyterhub==4.1.5
    # via ibm-data-science-capstone
jupyterlab==4.1.6
    # via notebook
jupyterlab-pygments==0.3.0
    # via nbconvert
jupyterlab-server==2.26.0
    # via jupyterlab
    # via notebook
jupyterlab-widgets==3.0.10
    # via ipywidgets
kiwisolver==1.4.5
    # via matplotlib
mako==1.3.3
    # via alembic
markupsafe==2.1.5
    # via jinja2
    # via mako
    # via nbconvert
    # via werkzeug
matplotlib==3.8.4
    # via seaborn
matplotlib-inline==0.1.7
    # via ipykernel
    # via ipython
mistune==3.0.2
    # via nbconvert
nbclient==0.10.0
    # via nbconvert
nbconvert==7.16.3
    # via jupyter
    # via jupyter-server
nbformat==5.10.4
    # via jupyter-server
    # via nbclient
    # via nbconvert
nest-asyncio==1.6.0
    # via dash
    # via ipykernel
notebook==7.1.3
    # via jupyter
notebook-shim==0.2.4
    # via jupyterlab
    # via notebook
numpy==1.26.4
    # via contourpy
    # via folium
    # via ibm-data-science-capstone
    # via matplotlib
    # via pandas
    # via scikit-learn
    # via scipy
    # via seaborn
oauthlib==3.2.2
    # via jupyterhub
overrides==7.7.0
    # via jupyter-server
packaging==24.0
    # via ipykernel
    # via jupyter-server
    # via jupyterhub
    # via jupyterlab
    # via jupyterlab-server
    # via matplotlib
    # via nbconvert
    # via plotly
    # via qtconsole
    # via qtpy
pamela==1.1.0
    # via jupyterhub
pandas==2.2.2
    # via ibm-data-science-capstone
    # via seaborn
pandocfilters==1.5.1
    # via nbconvert
parso==0.8.4
    # via jedi
pexpect==4.9.0
    # via ipython
pillow==10.3.0
    # via matplotlib
platformdirs==4.2.0
    # via jupyter-core
plotly==5.21.0
    # via dash
    # via ibm-data-science-capstone
prettytable==3.10.0
    # via ipython-sql
prometheus-client==0.20.0
    # via jupyter-server
    # via jupyterhub
prompt-toolkit==3.0.43
    # via ipython
    # via jupyter-console
psutil==5.9.8
    # via ipykernel
ptyprocess==0.7.0
    # via pexpect
    # via terminado
pure-eval==0.2.2
    # via stack-data
pycparser==2.22
    # via cffi
pygments==2.17.2
    # via ipython
    # via jupyter-console
    # via nbconvert
    # via qtconsole
pyopenssl==24.1.0
    # via certipy
pyparsing==3.1.2
    # via matplotlib
python-dateutil==2.9.0.post0
    # via arrow
    # via jupyter-client
    # via jupyterhub
    # via matplotlib
    # via pandas
python-json-logger==2.0.7
    # via jupyter-events
    # via jupyter-telemetry
pytz==2024.1
    # via pandas
pyyaml==6.0.1
    # via jupyter-events
pyzmq==26.0.2
    # via ipykernel
    # via jupyter-client
    # via jupyter-console
    # via jupyter-server
    # via qtconsole
qtconsole==5.5.1
    # via jupyter
qtpy==2.4.1
    # via qtconsole
referencing==0.34.0
    # via jsonschema
    # via jsonschema-specifications
    # via jupyter-events
requests==2.31.0
    # via dash
    # via folium
    # via ibm-data-science-capstone
    # via jupyterhub
    # via jupyterlab-server
retrying==1.3.4
    # via dash
rfc3339-validator==0.1.4
    # via jsonschema
    # via jupyter-events
rfc3986-validator==0.1.1
    # via jsonschema
    # via jupyter-events
rpds-py==0.18.0
    # via jsonschema
    # via referencing
ruamel-yaml==0.18.6
    # via jupyter-telemetry
ruamel-yaml-clib==0.2.8
    # via ruamel-yaml
scikit-learn==1.4.2
    # via ibm-data-science-capstone
scipy==1.13.0
    # via ibm-data-science-capstone
    # via scikit-learn
seaborn==0.13.2
    # via ibm-data-science-capstone
send2trash==1.8.3
    # via jupyter-server
six==1.16.0
    # via asttokens
    # via bleach
    # via ipython-sql
    # via python-dateutil
    # via retrying
    # via rfc3339-validator
sniffio==1.3.1
    # via anyio
    # via httpx
soupsieve==2.5
    # via beautifulsoup4
sqlalchemy==2.0.29
    # via alembic
    # via ibm-data-science-capstone
    # via ipython-sql
    # via jupyterhub
sqlparse==0.5.0
    # via ipython-sql
stack-data==0.6.3
    # via ipython
tenacity==8.2.3
    # via plotly
terminado==0.18.1
    # via jupyter-server
    # via jupyter-server-terminals
threadpoolctl==3.4.0
    # via scikit-learn
tinycss2==1.2.1
    # via nbconvert
tornado==6.4
    # via ipykernel
    # via jupyter-client
    # via jupyter-server
    # via jupyterhub
    # via jupyterlab
    # via notebook
    # via terminado
traitlets==5.14.3
    # via comm
    # via ipykernel
    # via ipython
    # via ipywidgets
    # via jupyter-client
    # via jupyter-console
    # via jupyter-core
    # via jupyter-events
    # via jupyter-server
    # via jupyter-telemetry
    # via jupyterhub
    # via jupyterlab
    # via matplotlib-inline
    # via nbclient
    # via nbconvert
    # via nbformat
    # via qtconsole
types-python-dateutil==2.9.0.20240316
    # via arrow
typing-extensions==4.11.0
    # via alembic
    # via dash
    # via ipython
    # via sqlalchemy
tzdata==2024.1
    # via pandas
uri-template==1.3.0
    # via jsonschema
urllib3==2.2.1
    # via requests
wcwidth==0.2.13
    # via prettytable
    # via prompt-toolkit
webcolors==1.13
    # via jsonschema
webencodings==0.5.1
    # via bleach
    # via tinycss2
websocket-client==1.7.0
    # via jupyter-server
werkzeug==3.0.2
    # via dash
    # via flask
wget==3.2
    # via ibm-data-science-capstone
widgetsnbextension==4.0.10
    # via ipywidgets
xyzservices==2024.4.0
    # via folium
zipp==3.18.1
    # via importlib-metadata
setuptools==69.5.1
    # via dash
